
Microsoft Visual Studio Solution File, Format Version 12.00
# Visual Studio 14
VisualStudioVersion = 14.0.25420.1
MinimumVisualStudioVersion = 10.0.40219.1
Project("{FAE04EC0-301F-11D3-BF4B-00C04F79EFBC}") = "timapplive", "timapplive\timapplive.csproj", "{A4B0686B-2ED2-4382-9370-8FF2EFDB9F00}"
EndProject
Project("{FAE04EC0-301F-11D3-BF4B-00C04F79EFBC}") = "DataEntities", "DataEntities\DataEntities.csproj", "{8AD64013-F53F-42ED-AF12-D8BD94CF9A27}"
EndProject
Project("{FAE04EC0-301F-11D3-BF4B-00C04F79EFBC}") = "TimeTable.Data", "Data\TimeTable.Data.csproj", "{005A1755-4B24-4A21-B616-1FAA01E4797D}"
EndProject
Global
	GlobalSection(SolutionConfigurationPlatforms) = preSolution
		Debug|Any CPU = Debug|Any CPU
		Release|Any CPU = Release|Any CPU
	EndGlobalSection
	GlobalSection(ProjectConfigurationPlatforms) = postSolution
		{A4B0686B-2ED2-4382-9370-8FF2EFDB9F00}.Debug|Any CPU.ActiveCfg = Debug|Any CPU
		{A4B0686B-2ED2-4382-9370-8FF2EFDB9F00}.Debug|Any CPU.Build.0 = Debug|Any CPU
		{A4B0686B-2ED2-4382-9370-8FF2EFDB9F00}.Release|Any CPU.ActiveCfg = Release|Any CPU
		{A4B0686B-2ED2-4382-9370-8FF2EFDB9F00}.Release|Any CPU.Build.0 = Release|Any CPU
		{8AD64013-F53F-42ED-AF12-D8BD94CF9A27}.Debug|Any CPU.ActiveCfg = Debug|Any CPU
		{8AD64013-F53F-42ED-AF12-D8BD94CF9A27}.Debug|Any CPU.Build.0 = Debug|Any CPU
		{8AD64013-F53F-42ED-AF12-D8BD94CF9A27}.Release|Any CPU.ActiveCfg = Release|Any CPU
		{8AD64013-F53F-42ED-AF12-D8BD94CF9A27}.Release|Any CPU.Build.0 = Release|Any CPU
		{005A1755-4B24-4A21-B616-1FAA01E4797D}.Debug|Any CPU.ActiveCfg = Debug|Any CPU
		{005A1755-4B24-4A21-B616-1FAA01E4797D}.Debug|Any CPU.Build.0 = Debug|Any CPU
		{005A1755-4B24-4A21-B616-1FAA01E4797D}.Release|Any CPU.ActiveCfg = Release|Any CPU
		{005A1755-4B24-4A21-B616-1FAA01E4797D}.Release|Any CPU.Build.0 = Release|Any CPU
	EndGlobalSection
	GlobalSection(SolutionProperties) = preSolution
		HideSolutionNode = FALSE
	EndGlobalSection
EndGlobal
